
Microsoft Visual Studio Solution File, Format Version 12.00
# Visual Studio Version 16
VisualStudioVersion = 16.0.32106.194
MinimumVisualStudioVersion = 10.0.40219.1
Project("{FAE04EC0-301F-11D3-BF4B-00C04F79EFBC}") = "masterpage", "SiteMaster2\masterpage.csproj", "{71A70894-F7CD-4CF4-BA63-37CD50F77213}"
EndProject
Global
	GlobalSection(SolutionConfigurationPlatforms) = preSolution
		Debug|Any CPU = Debug|Any CPU
		Release|Any CPU = Release|Any CPU
	EndGlobalSection
	GlobalSection(ProjectConfigurationPlatforms) = postSolution
		{71A70894-F7CD-4CF4-BA63-37CD50F77213}.Debug|Any CPU.ActiveCfg = Debug|Any CPU
		{71A70894-F7CD-4CF4-BA63-37CD50F77213}.Debug|Any CPU.Build.0 = Debug|Any CPU
		{71A70894-F7CD-4CF4-BA63-37CD50F77213}.Release|Any CPU.ActiveCfg = Release|Any CPU
		{71A70894-F7CD-4CF4-BA63-37CD50F77213}.Release|Any CPU.Build.0 = Release|Any CPU
	EndGlobalSection
	GlobalSection(SolutionProperties) = preSolution
		HideSolutionNode = FALSE
	EndGlobalSection
	GlobalSection(ExtensibilityGlobals) = postSolution
		SolutionGuid = {C7D1F159-02BB-4913-A57F-F92ADFE99123}
	EndGlobalSection
EndGlobal
